
Microsoft Visual Studio Solution File, Format Version 12.00
# Visual Studio Version 16
VisualStudioVersion = 16.0.28729.10
MinimumVisualStudioVersion = 10.0.40219.1
Project("{FAE04EC0-301F-11D3-BF4B-00C04F79EFBC}") = "UntitledMenu", "UntitledMenu\UntitledMenu.csproj", "{CDA028F1-2978-4895-AF2A-D10BE735F768}"
EndProject
Global
	GlobalSection(SolutionConfigurationPlatforms) = preSolution
		Debug|Any CPU = Debug|Any CPU
		Release|Any CPU = Release|Any CPU
	EndGlobalSection
	GlobalSection(ProjectConfigurationPlatforms) = postSolution
		{CDA028F1-2978-4895-AF2A-D10BE735F768}.Debug|Any CPU.ActiveCfg = Debug|Any CPU
		{CDA028F1-2978-4895-AF2A-D10BE735F768}.Debug|Any CPU.Build.0 = Debug|Any CPU
		{CDA028F1-2978-4895-AF2A-D10BE735F768}.Release|Any CPU.ActiveCfg = Release|Any CPU
		{CDA028F1-2978-4895-AF2A-D10BE735F768}.Release|Any CPU.Build.0 = Release|Any CPU
	EndGlobalSection
	GlobalSection(SolutionProperties) = preSolution
		HideSolutionNode = FALSE
	EndGlobalSection
EndGlobal
